// !$*UTF8*$!
{
	archiveVersion = 1;
	classes = {
	};
	objectVersion = 55;
	objects = {

/* Begin PBXBuildFile section */
		2C5B52E72A80FB4000BEDA3F /* ActivitySummaryViewController.swift in Sources */ = {isa = PBXBuildFile; fileRef = 2C5B52E62A80FB4000BEDA3F /* ActivitySummaryViewController.swift */; };
		2C5B52E92A81002A00BEDA3F /* HistoryViewController.swift in Sources */ = {isa = PBXBuildFile; fileRef = 2C5B52E82A81002A00BEDA3F /* HistoryViewController.swift */; };
		2C755AB42A80EACD00E37DCE /* GoogleService-Info.plist in Resources */ = {isa = PBXBuildFile; fileRef = 2C755AB32A80EACD00E37DCE /* GoogleService-Info.plist */; };
		8D3FE75F27F1CAD80010DECD /* AppDelegate.swift in Sources */ = {isa = PBXBuildFile; fileRef = 8D3FE75E27F1CAD80010DECD /* AppDelegate.swift */; };
		8D3FE76127F1CAD80010DECD /* SceneDelegate.swift in Sources */ = {isa = PBXBuildFile; fileRef = 8D3FE76027F1CAD80010DECD /* SceneDelegate.swift */; };
		8D3FE76327F1CAD80010DECD /* ViewController.swift in Sources */ = {isa = PBXBuildFile; fileRef = 8D3FE76227F1CAD80010DECD /* ViewController.swift */; };
		8D3FE76627F1CAD80010DECD /* Main.storyboard in Resources */ = {isa = PBXBuildFile; fileRef = 8D3FE76427F1CAD80010DECD /* Main.storyboard */; };
		8D3FE76827F1CADC0010DECD /* Assets.xcassets in Resources */ = {isa = PBXBuildFile; fileRef = 8D3FE76727F1CADC0010DECD /* Assets.xcassets */; };
		8D3FE76B27F1CADC0010DECD /* LaunchScreen.storyboard in Resources */ = {isa = PBXBuildFile; fileRef = 8D3FE76927F1CADC0010DECD /* LaunchScreen.storyboard */; };
		8D4143EF27F4678400B664B9 /* Constants.swift in Sources */ = {isa = PBXBuildFile; fileRef = 8D4143EE27F4678400B664B9 /* Constants.swift */; };
		8DD226F427F31AAF009C392B /* SampleProfile.jpeg in Resources */ = {isa = PBXBuildFile; fileRef = 8DD226F327F31AAF009C392B /* SampleProfile.jpeg */; };
		8DF64C6F27F4E0D600AFCE10 /* LiveActivityViewController.swift in Sources */ = {isa = PBXBuildFile; fileRef = 8DF64C6E27F4E0D500AFCE10 /* LiveActivityViewController.swift */; };
		AD178F90C4DB18BDDF0B47A5 /* Pods_EarnABurger.framework in Frameworks */ = {isa = PBXBuildFile; fileRef = BAEA7C0394E306CF395F4109 /* Pods_EarnABurger.framework */; };
/* End PBXBuildFile section */

/* Begin PBXFileReference section */
		2C5B52E62A80FB4000BEDA3F /* ActivitySummaryViewController.swift */ = {isa = PBXFileReference; lastKnownFileType = sourcecode.swift; path = ActivitySummaryViewController.swift; sourceTree = "<group>"; };
		2C5B52E82A81002A00BEDA3F /* HistoryViewController.swift */ = {isa = PBXFileReference; lastKnownFileType = sourcecode.swift; path = HistoryViewController.swift; sourceTree = "<group>"; };
		2C755AB32A80EACD00E37DCE /* GoogleService-Info.plist */ = {isa = PBXFileReference; fileEncoding = 4; lastKnownFileType = text.plist.xml; path = "GoogleService-Info.plist"; sourceTree = "<group>"; };
		8D3FE75B27F1CAD80010DECD /* EarnABurger.app */ = {isa = PBXFileReference; explicitFileType = wrapper.application; includeInIndex = 0; path = EarnABurger.app; sourceTree = BUILT_PRODUCTS_DIR; };
		8D3FE75E27F1CAD80010DECD /* AppDelegate.swift */ = {isa = PBXFileReference; lastKnownFileType = sourcecode.swift; path = AppDelegate.swift; sourceTree = "<group>"; };
		8D3FE76027F1CAD80010DECD /* SceneDelegate.swift */ = {isa = PBXFileReference; lastKnownFileType = sourcecode.swift; path = SceneDelegate.swift; sourceTree = "<group>"; };
		8D3FE76227F1CAD80010DECD /* ViewController.swift */ = {isa = PBXFileReference; lastKnownFileType = sourcecode.swift; path = ViewController.swift; sourceTree = "<group>"; };
		8D3FE76527F1CAD80010DECD /* Base */ = {isa = PBXFileReference; lastKnownFileType = file.storyboard; name = Base; path = Base.lproj/Main.storyboard; sourceTree = "<group>"; };
		8D3FE76727F1CADC0010DECD /* Assets.xcassets */ = {isa = PBXFileReference; lastKnownFileType = folder.assetcatalog; path = Assets.xcassets; sourceTree = "<group>"; };
		8D3FE76A27F1CADC0010DECD /* Base */ = {isa = PBXFileReference; lastKnownFileType = file.storyboard; name = Base; path = Base.lproj/LaunchScreen.storyboard; sourceTree = "<group>"; };
		8D3FE76C27F1CADC0010DECD /* Info.plist */ = {isa = PBXFileReference; lastKnownFileType = text.plist.xml; path = Info.plist; sourceTree = "<group>"; };
		8D4143EE27F4678400B664B9 /* Constants.swift */ = {isa = PBXFileReference; lastKnownFileType = sourcecode.swift; path = Constants.swift; sourceTree = "<group>"; };
		8DD226F327F31AAF009C392B /* SampleProfile.jpeg */ = {isa = PBXFileReference; lastKnownFileType = image.jpeg; path = SampleProfile.jpeg; sourceTree = "<group>"; };
		8DF64C6E27F4E0D500AFCE10 /* LiveActivityViewController.swift */ = {isa = PBXFileReference; lastKnownFileType = sourcecode.swift; path = LiveActivityViewController.swift; sourceTree = "<group>"; };
		B130F8DA1C130F0BB6C315FB /* Pods-EarnABurger.release.xcconfig */ = {isa = PBXFileReference; includeInIndex = 1; lastKnownFileType = text.xcconfig; name = "Pods-EarnABurger.release.xcconfig"; path = "Target Support Files/Pods-EarnABurger/Pods-EarnABurger.release.xcconfig"; sourceTree = "<group>"; };
		B7EF73F7AF52EC39FD49D6B2 /* Pods-EarnABurger.debug.xcconfig */ = {isa = PBXFileReference; includeInIndex = 1; lastKnownFileType = text.xcconfig; name = "Pods-EarnABurger.debug.xcconfig"; path = "Target Support Files/Pods-EarnABurger/Pods-EarnABurger.debug.xcconfig"; sourceTree = "<group>"; };
		BAEA7C0394E306CF395F4109 /* Pods_EarnABurger.framework */ = {isa = PBXFileReference; explicitFileType = wrapper.framework; includeInIndex = 0; path = Pods_EarnABurger.framework; sourceTree = BUILT_PRODUCTS_DIR; };
/* End PBXFileReference section */

/* Begin PBXFrameworksBuildPhase section */
		8D3FE75827F1CAD80010DECD /* Frameworks */ = {
			isa = PBXFrameworksBuildPhase;
			buildActionMask = 2147483647;
			files = (
				AD178F90C4DB18BDDF0B47A5 /* Pods_EarnABurger.framework in Frameworks */,
			);
			runOnlyForDeploymentPostprocessing = 0;
		};
/* End PBXFrameworksBuildPhase section */

/* Begin PBXGroup section */
		8D3FE75227F1CAD70010DECD = {
			isa = PBXGroup;
			children = (
				8D3FE75D27F1CAD80010DECD /* EarnABurger */,
				8D3FE75C27F1CAD80010DECD /* Products */,
				EF7480235D4C63522F08683F /* Pods */,
				A80706C7007D0936AEEE58EE /* Frameworks */,
			);
			sourceTree = "<group>";
		};
		8D3FE75C27F1CAD80010DECD /* Products */ = {
			isa = PBXGroup;
			children = (
				8D3FE75B27F1CAD80010DECD /* EarnABurger.app */,
			);
			name = Products;
			sourceTree = "<group>";
		};
		8D3FE75D27F1CAD80010DECD /* EarnABurger */ = {
			isa = PBXGroup;
			children = (
				8D3FE75E27F1CAD80010DECD /* AppDelegate.swift */,
				8D3FE76027F1CAD80010DECD /* SceneDelegate.swift */,
				8D4143F227F468A400B664B9 /* Controller */,
				8D4143F327F468AC00B664B9 /* Model */,
				8D4143F027F4689000B664B9 /* View */,
				8D3FE76727F1CADC0010DECD /* Assets.xcassets */,
				8D3FE76927F1CADC0010DECD /* LaunchScreen.storyboard */,
				8D3FE76C27F1CADC0010DECD /* Info.plist */,
				2C755AB32A80EACD00E37DCE /* GoogleService-Info.plist */,
				8DD226F327F31AAF009C392B /* SampleProfile.jpeg */,
			);
			path = EarnABurger;
			sourceTree = "<group>";
		};
		8D4143F027F4689000B664B9 /* View */ = {
			isa = PBXGroup;
			children = (
				8D3FE76427F1CAD80010DECD /* Main.storyboard */,
			);
			path = View;
			sourceTree = "<group>";
		};
		8D4143F227F468A400B664B9 /* Controller */ = {
			isa = PBXGroup;
			children = (
				8D3FE76227F1CAD80010DECD /* ViewController.swift */,
				8DF64C6E27F4E0D500AFCE10 /* LiveActivityViewController.swift */,
				2C5B52E62A80FB4000BEDA3F /* ActivitySummaryViewController.swift */,
				2C5B52E82A81002A00BEDA3F /* HistoryViewController.swift */,
			);
			path = Controller;
			sourceTree = "<group>";
		};
		8D4143F327F468AC00B664B9 /* Model */ = {
			isa = PBXGroup;
			children = (
				8D4143EE27F4678400B664B9 /* Constants.swift */,
			);
			path = Model;
			sourceTree = "<group>";
		};
		A80706C7007D0936AEEE58EE /* Frameworks */ = {
			isa = PBXGroup;
			children = (
				BAEA7C0394E306CF395F4109 /* Pods_EarnABurger.framework */,
			);
			name = Frameworks;
			sourceTree = "<group>";
		};
		EF7480235D4C63522F08683F /* Pods */ = {
			isa = PBXGroup;
			children = (
				B7EF73F7AF52EC39FD49D6B2 /* Pods-EarnABurger.debug.xcconfig */,
				B130F8DA1C130F0BB6C315FB /* Pods-EarnABurger.release.xcconfig */,
			);
			path = Pods;
			sourceTree = "<group>";
		};
/* End PBXGroup section */

/* Begin PBXNativeTarget section */
		8D3FE75A27F1CAD80010DECD /* EarnABurger */ = {
			isa = PBXNativeTarget;
			buildConfigurationList = 8D3FE76F27F1CADC0010DECD /* Build configuration list for PBXNativeTarget "EarnABurger" */;
			buildPhases = (
				341115C28BA89D9EA3D11BCA /* [CP] Check Pods Manifest.lock */,
				8D3FE75727F1CAD80010DECD /* Sources */,
				8D3FE75827F1CAD80010DECD /* Frameworks */,
				8D3FE75927F1CAD80010DECD /* Resources */,
				5BDF337E67A8BF67B250FBF9 /* [CP] Embed Pods Frameworks */,
			);
			buildRules = (
			);
			dependencies = (
			);
			name = EarnABurger;
			productName = EarnABurger;
			productReference = 8D3FE75B27F1CAD80010DECD /* EarnABurger.app */;
			productType = "com.apple.product-type.application";
		};
/* End PBXNativeTarget section */

/* Begin PBXProject section */
		8D3FE75327F1CAD70010DECD /* Project object */ = {
			isa = PBXProject;
			attributes = {
				BuildIndependentTargetsInParallel = 1;
				LastSwiftUpdateCheck = 1310;
				LastUpgradeCheck = 1310;
				TargetAttributes = {
					8D3FE75A27F1CAD80010DECD = {
						CreatedOnToolsVersion = 13.1;
					};
				};
			};
			buildConfigurationList = 8D3FE75627F1CAD70010DECD /* Build configuration list for PBXProject "EarnABurger" */;
			compatibilityVersion = "Xcode 13.0";
			developmentRegion = en;
			hasScannedForEncodings = 0;
			knownRegions = (
				en,
				Base,
			);
			mainGroup = 8D3FE75227F1CAD70010DECD;
			productRefGroup = 8D3FE75C27F1CAD80010DECD /* Products */;
			projectDirPath = "";
			projectRoot = "";
			targets = (
				8D3FE75A27F1CAD80010DECD /* EarnABurger */,
			);
		};
/* End PBXProject section */

/* Begin PBXResourcesBuildPhase section */
		8D3FE75927F1CAD80010DECD /* Resources */ = {
			isa = PBXResourcesBuildPhase;
			buildActionMask = 2147483647;
			files = (
				8D3FE76B27F1CADC0010DECD /* LaunchScreen.storyboard in Resources */,
				8DD226F427F31AAF009C392B /* SampleProfile.jpeg in Resources */,
				2C755AB42A80EACD00E37DCE /* GoogleService-Info.plist in Resources */,
				8D3FE76827F1CADC0010DECD /* Assets.xcassets in Resources */,
				8D3FE76627F1CAD80010DECD /* Main.storyboard in Resources */,
			);
			runOnlyForDeploymentPostprocessing = 0;
		};
/* End PBXResourcesBuildPhase section */

/* Begin PBXShellScriptBuildPhase section */
		341115C28BA89D9EA3D11BCA /* [CP] Check Pods Manifest.lock */ = {
			isa = PBXShellScriptBuildPhase;
			buildActionMask = 2147483647;
			files = (
			);
			inputFileListPaths = (
			);
			inputPaths = (
				"${PODS_PODFILE_DIR_PATH}/Podfile.lock",
				"${PODS_ROOT}/Manifest.lock",
			);
			name = "[CP] Check Pods Manifest.lock";
			outputFileListPaths = (
			);
			outputPaths = (
				"$(DERIVED_FILE_DIR)/Pods-EarnABurger-checkManifestLockResult.txt",
			);
			runOnlyForDeploymentPostprocessing = 0;
			shellPath = /bin/sh;
			shellScript = "diff \"${PODS_PODFILE_DIR_PATH}/Podfile.lock\" \"${PODS_ROOT}/Manifest.lock\" > /dev/null\nif [ $? != 0 ] ; then\n    # print error to STDERR\n    echo \"error: The sandbox is not in sync with the Podfile.lock. Run 'pod install' or update your CocoaPods installation.\" >&2\n    exit 1\nfi\n# This output is used by Xcode 'outputs' to avoid re-running this script phase.\necho \"SUCCESS\" > \"${SCRIPT_OUTPUT_FILE_0}\"\n";
			showEnvVarsInLog = 0;
		};
		5BDF337E67A8BF67B250FBF9 /* [CP] Embed Pods Frameworks */ = {
			isa = PBXShellScriptBuildPhase;
			buildActionMask = 2147483647;
			files = (
			);
			inputFileListPaths = (
				"${PODS_ROOT}/Target Support Files/Pods-EarnABurger/Pods-EarnABurger-frameworks-${CONFIGURATION}-input-files.xcfilelist",
			);
			name = "[CP] Embed Pods Frameworks";
			outputFileListPaths = (
				"${PODS_ROOT}/Target Support Files/Pods-EarnABurger/Pods-EarnABurger-frameworks-${CONFIGURATION}-output-files.xcfilelist",
			);
			runOnlyForDeploymentPostprocessing = 0;
			shellPath = /bin/sh;
			shellScript = "\"${PODS_ROOT}/Target Support Files/Pods-EarnABurger/Pods-EarnABurger-frameworks.sh\"\n";
			showEnvVarsInLog = 0;
		};
/* End PBXShellScriptBuildPhase section */

/* Begin PBXSourcesBuildPhase section */
		8D3FE75727F1CAD80010DECD /* Sources */ = {
			isa = PBXSourcesBuildPhase;
			buildActionMask = 2147483647;
			files = (
				8D3FE76327F1CAD80010DECD /* ViewController.swift in Sources */,
				8D3FE75F27F1CAD80010DECD /* AppDelegate.swift in Sources */,
				8D3FE76127F1CAD80010DECD /* SceneDelegate.swift in Sources */,
				8DF64C6F27F4E0D600AFCE10 /* LiveActivityViewController.swift in Sources */,
				2C5B52E72A80FB4000BEDA3F /* ActivitySummaryViewController.swift in Sources */,
				2C5B52E92A81002A00BEDA3F /* HistoryViewController.swift in Sources */,
				8D4143EF27F4678400B664B9 /* Constants.swift in Sources */,
			);
			runOnlyForDeploymentPostprocessing = 0;
		};
/* End PBXSourcesBuildPhase section */

/* Begin PBXVariantGroup section */
		8D3FE76427F1CAD80010DECD /* Main.storyboard */ = {
			isa = PBXVariantGroup;
			children = (
				8D3FE76527F1CAD80010DECD /* Base */,
			);
			name = Main.storyboard;
			sourceTree = "<group>";
		};
		8D3FE76927F1CADC0010DECD /* LaunchScreen.storyboard */ = {
			isa = PBXVariantGroup;
			children = (
				8D3FE76A27F1CADC0010DECD /* Base */,
			);
			name = LaunchScreen.storyboard;
			sourceTree = "<group>";
		};
/* End PBXVariantGroup section */

/* Begin XCBuildConfiguration section */
		8D3FE76D27F1CADC0010DECD /* Debug */ = {
			isa = XCBuildConfiguration;
			buildSettings = {
				ALWAYS_SEARCH_USER_PATHS = NO;
				CLANG_ANALYZER_NONNULL = YES;
				CLANG_ANALYZER_NUMBER_OBJECT_CONVERSION = YES_AGGRESSIVE;
				CLANG_CXX_LANGUAGE_STANDARD = "gnu++17";
				CLANG_CXX_LIBRARY = "libc++";
				CLANG_ENABLE_MODULES = YES;
				CLANG_ENABLE_OBJC_ARC = YES;
				CLANG_ENABLE_OBJC_WEAK = YES;
				CLANG_WARN_BLOCK_CAPTURE_AUTORELEASING = YES;
				CLANG_WARN_BOOL_CONVERSION = YES;
				CLANG_WARN_COMMA = YES;
				CLANG_WARN_CONSTANT_CONVERSION = YES;
				CLANG_WARN_DEPRECATED_OBJC_IMPLEMENTATIONS = YES;
				CLANG_WARN_DIRECT_OBJC_ISA_USAGE = YES_ERROR;
				CLANG_WARN_DOCUMENTATION_COMMENTS = YES;
				CLANG_WARN_EMPTY_BODY = YES;
				CLANG_WARN_ENUM_CONVERSION = YES;
				CLANG_WARN_INFINITE_RECURSION = YES;
				CLANG_WARN_INT_CONVERSION = YES;
				CLANG_WARN_NON_LITERAL_NULL_CONVERSION = YES;
				CLANG_WARN_OBJC_IMPLICIT_RETAIN_SELF = YES;
				CLANG_WARN_OBJC_LITERAL_CONVERSION = YES;
				CLANG_WARN_OBJC_ROOT_CLASS = YES_ERROR;
				CLANG_WARN_QUOTED_INCLUDE_IN_FRAMEWORK_HEADER = YES;
				CLANG_WARN_RANGE_LOOP_ANALYSIS = YES;
				CLANG_WARN_STRICT_PROTOTYPES = YES;
				CLANG_WARN_SUSPICIOUS_MOVE = YES;
				CLANG_WARN_UNGUARDED_AVAILABILITY = YES_AGGRESSIVE;
				CLANG_WARN_UNREACHABLE_CODE = YES;
				CLANG_WARN__DUPLICATE_METHOD_MATCH = YES;
				COPY_PHASE_STRIP = NO;
				DEBUG_INFORMATION_FORMAT = dwarf;
				ENABLE_STRICT_OBJC_MSGSEND = YES;
				ENABLE_TESTABILITY = YES;
				GCC_C_LANGUAGE_STANDARD = gnu11;
				GCC_DYNAMIC_NO_PIC = NO;
				GCC_NO_COMMON_BLOCKS = YES;
				GCC_OPTIMIZATION_LEVEL = 0;
				GCC_PREPROCESSOR_DEFINITIONS = (
					"DEBUG=1",
					"$(inherited)",
				);
				GCC_WARN_64_TO_32_BIT_CONVERSION = YES;
				GCC_WARN_ABOUT_RETURN_TYPE = YES_ERROR;
				GCC_WARN_UNDECLARED_SELECTOR = YES;
				GCC_WARN_UNINITIALIZED_AUTOS = YES_AGGRESSIVE;
				GCC_WARN_UNUSED_FUNCTION = YES;
				GCC_WARN_UNUSED_VARIABLE = YES;
				IPHONEOS_DEPLOYMENT_TARGET = 15.0;
				MTL_ENABLE_DEBUG_INFO = INCLUDE_SOURCE;
				MTL_FAST_MATH = YES;
				ONLY_ACTIVE_ARCH = YES;
				SDKROOT = iphoneos;
				SWIFT_ACTIVE_COMPILATION_CONDITIONS = DEBUG;
				SWIFT_OPTIMIZATION_LEVEL = "-Onone";
			};
			name = Debug;
		};
		8D3FE76E27F1CADC0010DECD /* Release */ = {
			isa = XCBuildConfiguration;
			buildSettings = {
				ALWAYS_SEARCH_USER_PATHS = NO;
				CLANG_ANALYZER_NONNULL = YES;
				CLANG_ANALYZER_NUMBER_OBJECT_CONVERSION = YES_AGGRESSIVE;
				CLANG_CXX_LANGUAGE_STANDARD = "gnu++17";
				CLANG_CXX_LIBRARY = "libc++";
				CLANG_ENABLE_MODULES = YES;
				CLANG_ENABLE_OBJC_ARC = YES;
				CLANG_ENABLE_OBJC_WEAK = YES;
				CLANG_WARN_BLOCK_CAPTURE_AUTORELEASING = YES;
				CLANG_WARN_BOOL_CONVERSION = YES;
				CLANG_WARN_COMMA = YES;
				CLANG_WARN_CONSTANT_CONVERSION = YES;
				CLANG_WARN_DEPRECATED_OBJC_IMPLEMENTATIONS = YES;
				CLANG_WARN_DIRECT_OBJC_ISA_USAGE = YES_ERROR;
				CLANG_WARN_DOCUMENTATION_COMMENTS = YES;
				CLANG_WARN_EMPTY_BODY = YES;
				CLANG_WARN_ENUM_CONVERSION = YES;
				CLANG_WARN_INFINITE_RECURSION = YES;
				CLANG_WARN_INT_CONVERSION = YES;
				CLANG_WARN_NON_LITERAL_NULL_CONVERSION = YES;
				CLANG_WARN_OBJC_IMPLICIT_RETAIN_SELF = YES;
				CLANG_WARN_OBJC_LITERAL_CONVERSION = YES;
				CLANG_WARN_OBJC_ROOT_CLASS = YES_ERROR;
				CLANG_WARN_QUOTED_INCLUDE_IN_FRAMEWORK_HEADER = YES;
				CLANG_WARN_RANGE_LOOP_ANALYSIS = YES;
				CLANG_WARN_STRICT_PROTOTYPES = YES;
				CLANG_WARN_SUSPICIOUS_MOVE = YES;
				CLANG_WARN_UNGUARDED_AVAILABILITY = YES_AGGRESSIVE;
				CLANG_WARN_UNREACHABLE_CODE = YES;
				CLANG_WARN__DUPLICATE_METHOD_MATCH = YES;
				COPY_PHASE_STRIP = NO;
				DEBUG_INFORMATION_FORMAT = "dwarf-with-dsym";
				ENABLE_NS_ASSERTIONS = NO;
				ENABLE_STRICT_OBJC_MSGSEND = YES;
				GCC_C_LANGUAGE_STANDARD = gnu11;
				GCC_NO_COMMON_BLOCKS = YES;
				GCC_WARN_64_TO_32_BIT_CONVERSION = YES;
				GCC_WARN_ABOUT_RETURN_TYPE = YES_ERROR;
				GCC_WARN_UNDECLARED_SELECTOR = YES;
				GCC_WARN_UNINITIALIZED_AUTOS = YES_AGGRESSIVE;
				GCC_WARN_UNUSED_FUNCTION = YES;
				GCC_WARN_UNUSED_VARIABLE = YES;
				IPHONEOS_DEPLOYMENT_TARGET = 15.0;
				MTL_ENABLE_DEBUG_INFO = NO;
				MTL_FAST_MATH = YES;
				SDKROOT = iphoneos;
				SWIFT_COMPILATION_MODE = wholemodule;
				SWIFT_OPTIMIZATION_LEVEL = "-O";
				VALIDATE_PRODUCT = YES;
			};
			name = Release;
		};
		8D3FE77027F1CADC0010DECD /* Debug */ = {
			isa = XCBuildConfiguration;
			baseConfigurationReference = B7EF73F7AF52EC39FD49D6B2 /* Pods-EarnABurger.debug.xcconfig */;
			buildSettings = {
				ASSETCATALOG_COMPILER_APPICON_NAME = AppIcon;
				ASSETCATALOG_COMPILER_GLOBAL_ACCENT_COLOR_NAME = AccentColor;
				CODE_SIGN_STYLE = Automatic;
				CURRENT_PROJECT_VERSION = 1;
				DEVELOPMENT_TEAM = K6Z4CU7AB9;
				GENERATE_INFOPLIST_FILE = YES;
				INFOPLIST_FILE = EarnABurger/Info.plist;
				INFOPLIST_KEY_UIApplicationSupportsIndirectInputEvents = YES;
				INFOPLIST_KEY_UILaunchStoryboardName = LaunchScreen;
				INFOPLIST_KEY_UIMainStoryboardFile = Main;
				INFOPLIST_KEY_UISupportedInterfaceOrientations_iPad = "UIInterfaceOrientationPortrait UIInterfaceOrientationPortraitUpsideDown UIInterfaceOrientationLandscapeLeft UIInterfaceOrientationLandscapeRight";
				INFOPLIST_KEY_UISupportedInterfaceOrientations_iPhone = "UIInterfaceOrientationPortrait UIInterfaceOrientationLandscapeLeft UIInterfaceOrientationLandscapeRight";
				LD_RUNPATH_SEARCH_PATHS = (
					"$(inherited)",
					"@executable_path/Frameworks",
				);
				MARKETING_VERSION = 1.0;
				PRODUCT_BUNDLE_IDENTIFIER = com.zahraSK.EarnABurger;
				PRODUCT_NAME = "$(TARGET_NAME)";
				SWIFT_EMIT_LOC_STRINGS = YES;
				SWIFT_VERSION = 5.0;
				TARGETED_DEVICE_FAMILY = "1,2";
			};
			name = Debug;
		};
		8D3FE77127F1CADC0010DECD /* Release */ = {
			isa = XCBuildConfiguration;
			baseConfigurationReference = B130F8DA1C130F0BB6C315FB /* Pods-EarnABurger.release.xcconfig */;
			buildSettings = {
				ASSETCATALOG_COMPILER_APPICON_NAME = AppIcon;
				ASSETCATALOG_COMPILER_GLOBAL_ACCENT_COLOR_NAME = AccentColor;
				CODE_SIGN_STYLE = Automatic;
				CURRENT_PROJECT_VERSION = 1;
				DEVELOPMENT_TEAM = K6Z4CU7AB9;
				GENERATE_INFOPLIST_FILE = YES;
				INFOPLIST_FILE = EarnABurger/Info.plist;
				INFOPLIST_KEY_UIApplicationSupportsIndirectInputEvents = YES;
				INFOPLIST_KEY_UILaunchStoryboardName = LaunchScreen;
				INFOPLIST_KEY_UIMainStoryboardFile = Main;
				INFOPLIST_KEY_UISupportedInterfaceOrientations_iPad = "UIInterfaceOrientationPortrait UIInterfaceOrientationPortraitUpsideDown UIInterfaceOrientationLandscapeLeft UIInterfaceOrientationLandscapeRight";
				INFOPLIST_KEY_UISupportedInterfaceOrientations_iPhone = "UIInterfaceOrientationPortrait UIInterfaceOrientationLandscapeLeft UIInterfaceOrientationLandscapeRight";
				LD_RUNPATH_SEARCH_PATHS = (
					"$(inherited)",
					"@executable_path/Frameworks",
				);
				MARKETING_VERSION = 1.0;
				PRODUCT_BUNDLE_IDENTIFIER = com.zahraSK.EarnABurger;
				PRODUCT_NAME = "$(TARGET_NAME)";
				SWIFT_EMIT_LOC_STRINGS = YES;
				SWIFT_VERSION = 5.0;
				TARGETED_DEVICE_FAMILY = "1,2";
			};
			name = Release;
		};
/* End XCBuildConfiguration section */

/* Begin XCConfigurationList section */
		8D3FE75627F1CAD70010DECD /* Build configuration list for PBXProject "EarnABurger" */ = {
			isa = XCConfigurationList;
			buildConfigurations = (
				8D3FE76D27F1CADC0010DECD /* Debug */,
				8D3FE76E27F1CADC0010DECD /* Release */,
			);
			defaultConfigurationIsVisible = 0;
			defaultConfigurationName = Release;
		};
		8D3FE76F27F1CADC0010DECD /* Build configuration list for PBXNativeTarget "EarnABurger" */ = {
			isa = XCConfigurationList;
			buildConfigurations = (
				8D3FE77027F1CADC0010DECD /* Debug */,
				8D3FE77127F1CADC0010DECD /* Release */,
			);
			defaultConfigurationIsVisible = 0;
			defaultConfigurationName = Release;
		};
/* End XCConfigurationList section */
	};
	rootObject = 8D3FE75327F1CAD70010DECD /* Project object */;
}
